
Microsoft Visual Studio Solution File, Format Version 11.00
# Visual Studio 2010
Project("{FAE04EC0-301F-11D3-BF4B-00C04F79EFBC}") = "NAcceptanceRequest", "NAcceptanceRequest\NAcceptanceRequest.csproj", "{DFC3E172-081A-4496-9F98-6A2559C2B3FF}"
EndProject
Project("{FAE04EC0-301F-11D3-BF4B-00C04F79EFBC}") = "NAcceptanceRequest.Tests", "NAcceptanceRequest.Tests\NAcceptanceRequest.Tests.csproj", "{0C02238E-4406-4BFC-9D6E-6F5EFA3CBCDA}"
EndProject
Global
	GlobalSection(SolutionConfigurationPlatforms) = preSolution
		Debug|Any CPU = Debug|Any CPU
		Release|Any CPU = Release|Any CPU
	EndGlobalSection
	GlobalSection(ProjectConfigurationPlatforms) = postSolution
		{DFC3E172-081A-4496-9F98-6A2559C2B3FF}.Debug|Any CPU.ActiveCfg = Debug|Any CPU
		{DFC3E172-081A-4496-9F98-6A2559C2B3FF}.Debug|Any CPU.Build.0 = Debug|Any CPU
		{DFC3E172-081A-4496-9F98-6A2559C2B3FF}.Release|Any CPU.ActiveCfg = Release|Any CPU
		{DFC3E172-081A-4496-9F98-6A2559C2B3FF}.Release|Any CPU.Build.0 = Release|Any CPU
		{0C02238E-4406-4BFC-9D6E-6F5EFA3CBCDA}.Debug|Any CPU.ActiveCfg = Debug|Any CPU
		{0C02238E-4406-4BFC-9D6E-6F5EFA3CBCDA}.Debug|Any CPU.Build.0 = Debug|Any CPU
		{0C02238E-4406-4BFC-9D6E-6F5EFA3CBCDA}.Release|Any CPU.ActiveCfg = Release|Any CPU
		{0C02238E-4406-4BFC-9D6E-6F5EFA3CBCDA}.Release|Any CPU.Build.0 = Release|Any CPU
	EndGlobalSection
	GlobalSection(SolutionProperties) = preSolution
		HideSolutionNode = FALSE
	EndGlobalSection
EndGlobal
